{
  "version": "5",
  "specifiers": {
    "jsr:@std/assert@1": "1.0.13",
    "jsr:@std/internal@^1.0.6": "1.0.8",
    "npm:@bufbuild/protobuf@*": "2.5.1"
  },
  "jsr": {
    "@std/assert@1.0.13": {
      "integrity": "ae0d31e41919b12c656c742b22522c32fb26ed0cba32975cb0de2a273cb68b29",
      "dependencies": [
        "jsr:@std/internal"
      ]
    },
    "@std/internal@1.0.8": {
      "integrity": "fc66e846d8d38a47cffd274d80d2ca3f0de71040f855783724bb6b87f60891f5"
    }
  },
  "npm": {
    "@bufbuild/protobuf@2.5.1": {
      "integrity": "sha512-lut4UTvKL8tqtend0UDu7R79/n9jA7Jtxf77RNPbxtmWqfWI4qQ9bTjf7KCS4vfqLmpQbuHr1ciqJumAgJODdw=="
    }
  },
  "remote": {
    "https://raw.githubusercontent.com/u-na-gi/scenario-flow/main/scenario-flow/core/context.ts": "77c49d158533bfea9f8d757e1807ac8f044e56c4048d4de5cb57e34bce50bf06",
    "https://raw.githubusercontent.com/u-na-gi/scenario-flow/main/scenario-flow/core/index.ts": "963320f5d0769d8b40969dd8daf1f59f5443afd18037c8b6a1b6c37db09d00a8",
    "https://raw.githubusercontent.com/u-na-gi/scenario-flow/main/scenario-flow/core/logger.ts": "4c936075043b6c0f39e7ee437199da4207082b6d11b7ba8bd03cc6c212264142",
    "https://raw.githubusercontent.com/u-na-gi/scenario-flow/main/scenario-flow/core/type.ts": "e67c4cdd8a34439cfb11c4e43c92000418d0f9e0d409a46ee06176e38eba3e1f",
    "https://raw.githubusercontent.com/u-na-gi/scenario-flow/main/scenario-flow/mod.ts": "ac248607763ae0265d2b93dbeee4d0c1240ffdd9c51240327841d63742400c68"
  },
  "workspace": {
    "members": {
      "app/backend": {
        "dependencies": [
          "npm:@bufbuild/protobuf@*"
        ]
      },
      "develop/deproma": {
        "dependencies": [
          "jsr:@std/assert@1"
        ]
      }
    }
  }
}
